// !$*UTF8*$!
{
	archiveVersion = 1;
	classes = {
	};
	objectVersion = 46;
	objects = {

/* Begin PBXBuildFile section */
		6502F6981F10B1F700C2B0AF /* AppDelegate.swift in Sources */ = {isa = PBXBuildFile; fileRef = 6502F6971F10B1F700C2B0AF /* AppDelegate.swift */; };
		6502F69A1F10B1F700C2B0AF /* ViewController.swift in Sources */ = {isa = PBXBuildFile; fileRef = 6502F6991F10B1F700C2B0AF /* ViewController.swift */; };
		6502F69D1F10B1F700C2B0AF /* Main.storyboard in Resources */ = {isa = PBXBuildFile; fileRef = 6502F69B1F10B1F700C2B0AF /* Main.storyboard */; };
		6502F69F1F10B1F700C2B0AF /* Assets.xcassets in Resources */ = {isa = PBXBuildFile; fileRef = 6502F69E1F10B1F700C2B0AF /* Assets.xcassets */; };
		6502F6A21F10B1F700C2B0AF /* LaunchScreen.storyboard in Resources */ = {isa = PBXBuildFile; fileRef = 6502F6A01F10B1F700C2B0AF /* LaunchScreen.storyboard */; };
		6502F6AC1F10B4C000C2B0AF /* CustomFilter.swift in Sources */ = {isa = PBXBuildFile; fileRef = 6502F6AB1F10B4C000C2B0AF /* CustomFilter.swift */; };
		652B0E2E2064DA6F00488D38 /* FilterVendor.swift in Sources */ = {isa = PBXBuildFile; fileRef = 652B0E2D2064DA6F00488D38 /* FilterVendor.swift */; };
		653AC3E81F2332E200BB4547 /* Extension.swift in Sources */ = {isa = PBXBuildFile; fileRef = 653AC3E71F2332E200BB4547 /* Extension.swift */; };
		6591347E205A8E2A008488E4 /* Timer.swift in Sources */ = {isa = PBXBuildFile; fileRef = 6591347D205A8E2A008488E4 /* Timer.swift */; };
		659134A7205AEE25008488E4 /* ComputeKernel.metal in Sources */ = {isa = PBXBuildFile; fileRef = 659134A6205AEE25008488E4 /* ComputeKernel.metal */; };
/* End PBXBuildFile section */

/* Begin PBXFileReference section */
		6502F6941F10B1F700C2B0AF /* Filmroom.app */ = {isa = PBXFileReference; explicitFileType = wrapper.application; includeInIndex = 0; path = Filmroom.app; sourceTree = BUILT_PRODUCTS_DIR; };
		6502F6971F10B1F700C2B0AF /* AppDelegate.swift */ = {isa = PBXFileReference; lastKnownFileType = sourcecode.swift; path = AppDelegate.swift; sourceTree = "<group>"; };
		6502F6991F10B1F700C2B0AF /* ViewController.swift */ = {isa = PBXFileReference; lastKnownFileType = sourcecode.swift; path = ViewController.swift; sourceTree = "<group>"; };
		6502F69C1F10B1F700C2B0AF /* Base */ = {isa = PBXFileReference; lastKnownFileType = file.storyboard; name = Base; path = Base.lproj/Main.storyboard; sourceTree = "<group>"; };
		6502F69E1F10B1F700C2B0AF /* Assets.xcassets */ = {isa = PBXFileReference; lastKnownFileType = folder.assetcatalog; path = Assets.xcassets; sourceTree = "<group>"; };
		6502F6A11F10B1F700C2B0AF /* Base */ = {isa = PBXFileReference; lastKnownFileType = file.storyboard; name = Base; path = Base.lproj/LaunchScreen.storyboard; sourceTree = "<group>"; };
		6502F6A31F10B1F700C2B0AF /* Info.plist */ = {isa = PBXFileReference; lastKnownFileType = text.plist.xml; path = Info.plist; sourceTree = "<group>"; };
		6502F6AB1F10B4C000C2B0AF /* CustomFilter.swift */ = {isa = PBXFileReference; fileEncoding = 4; lastKnownFileType = sourcecode.swift; path = CustomFilter.swift; sourceTree = "<group>"; };
		652B0E2D2064DA6F00488D38 /* FilterVendor.swift */ = {isa = PBXFileReference; fileEncoding = 4; lastKnownFileType = sourcecode.swift; path = FilterVendor.swift; sourceTree = "<group>"; };
		653AC3E71F2332E200BB4547 /* Extension.swift */ = {isa = PBXFileReference; fileEncoding = 4; lastKnownFileType = sourcecode.swift; path = Extension.swift; sourceTree = "<group>"; };
		6591347D205A8E2A008488E4 /* Timer.swift */ = {isa = PBXFileReference; lastKnownFileType = sourcecode.swift; path = Timer.swift; sourceTree = "<group>"; };
		65913483205AE845008488E4 /* CIKernels.metallib */ = {isa = PBXFileReference; lastKnownFileType = "archive.metal-library"; path = CIKernels.metallib; sourceTree = "<group>"; };
		659134A6205AEE25008488E4 /* ComputeKernel.metal */ = {isa = PBXFileReference; fileEncoding = 4; lastKnownFileType = sourcecode.metal; path = ComputeKernel.metal; sourceTree = "<group>"; };
/* End PBXFileReference section */

/* Begin PBXFrameworksBuildPhase section */
		6502F6911F10B1F700C2B0AF /* Frameworks */ = {
			isa = PBXFrameworksBuildPhase;
			buildActionMask = 2147483647;
			files = (
			);
			runOnlyForDeploymentPostprocessing = 0;
		};
/* End PBXFrameworksBuildPhase section */

/* Begin PBXGroup section */
		6502F68B1F10B1F700C2B0AF = {
			isa = PBXGroup;
			children = (
				6502F6961F10B1F700C2B0AF /* Filmroom */,
				6502F6951F10B1F700C2B0AF /* Products */,
				65913482205AE845008488E4 /* Frameworks */,
			);
			sourceTree = "<group>";
		};
		6502F6951F10B1F700C2B0AF /* Products */ = {
			isa = PBXGroup;
			children = (
				6502F6941F10B1F700C2B0AF /* Filmroom.app */,
			);
			name = Products;
			sourceTree = "<group>";
		};
		6502F6961F10B1F700C2B0AF /* Filmroom */ = {
			isa = PBXGroup;
			children = (
				6502F6971F10B1F700C2B0AF /* AppDelegate.swift */,
				6502F6991F10B1F700C2B0AF /* ViewController.swift */,
				6591347C205A8E01008488E4 /* Tools */,
				6502F69B1F10B1F700C2B0AF /* Main.storyboard */,
				6502F69E1F10B1F700C2B0AF /* Assets.xcassets */,
				6502F6AA1F10B4B000C2B0AF /* Filters */,
				6502F6A01F10B1F700C2B0AF /* LaunchScreen.storyboard */,
				6502F6A31F10B1F700C2B0AF /* Info.plist */,
			);
			path = Filmroom;
			sourceTree = "<group>";
		};
		6502F6AA1F10B4B000C2B0AF /* Filters */ = {
			isa = PBXGroup;
			children = (
				6502F6AB1F10B4C000C2B0AF /* CustomFilter.swift */,
				652B0E2D2064DA6F00488D38 /* FilterVendor.swift */,
				659134A6205AEE25008488E4 /* ComputeKernel.metal */,
			);
			path = Filters;
			sourceTree = "<group>";
		};
		6591347C205A8E01008488E4 /* Tools */ = {
			isa = PBXGroup;
			children = (
				653AC3E71F2332E200BB4547 /* Extension.swift */,
				6591347D205A8E2A008488E4 /* Timer.swift */,
			);
			path = Tools;
			sourceTree = "<group>";
		};
		65913482205AE845008488E4 /* Frameworks */ = {
			isa = PBXGroup;
			children = (
				65913483205AE845008488E4 /* CIKernels.metallib */,
			);
			name = Frameworks;
			sourceTree = "<group>";
		};
/* End PBXGroup section */

/* Begin PBXNativeTarget section */
		6502F6931F10B1F700C2B0AF /* Filmroom */ = {
			isa = PBXNativeTarget;
			buildConfigurationList = 6502F6A61F10B1F700C2B0AF /* Build configuration list for PBXNativeTarget "Filmroom" */;
			buildPhases = (
				6502F6901F10B1F700C2B0AF /* Sources */,
				6502F6911F10B1F700C2B0AF /* Frameworks */,
				6502F6921F10B1F700C2B0AF /* Resources */,
				65913481205AE5C5008488E4 /* Run Script */,
			);
			buildRules = (
			);
			dependencies = (
			);
			name = Filmroom;
			productName = Filmroom;
			productReference = 6502F6941F10B1F700C2B0AF /* Filmroom.app */;
			productType = "com.apple.product-type.application";
		};
/* End PBXNativeTarget section */

/* Begin PBXProject section */
		6502F68C1F10B1F700C2B0AF /* Project object */ = {
			isa = PBXProject;
			attributes = {
				KnownAssetTags = (
					New,
				);
				LastSwiftUpdateCheck = 0830;
				LastUpgradeCheck = 0920;
				ORGANIZATIONNAME = "Uncle Jerry";
				TargetAttributes = {
					6502F6931F10B1F700C2B0AF = {
						CreatedOnToolsVersion = 8.3.3;
						DevelopmentTeam = 98639T6CQ5;
						ProvisioningStyle = Automatic;
					};
				};
			};
			buildConfigurationList = 6502F68F1F10B1F700C2B0AF /* Build configuration list for PBXProject "Filmroom" */;
			compatibilityVersion = "Xcode 3.2";
			developmentRegion = English;
			hasScannedForEncodings = 0;
			knownRegions = (
				en,
				Base,
			);
			mainGroup = 6502F68B1F10B1F700C2B0AF;
			productRefGroup = 6502F6951F10B1F700C2B0AF /* Products */;
			projectDirPath = "";
			projectRoot = "";
			targets = (
				6502F6931F10B1F700C2B0AF /* Filmroom */,
			);
		};
/* End PBXProject section */

/* Begin PBXResourcesBuildPhase section */
		6502F6921F10B1F700C2B0AF /* Resources */ = {
			isa = PBXResourcesBuildPhase;
			buildActionMask = 2147483647;
			files = (
				6502F6A21F10B1F700C2B0AF /* LaunchScreen.storyboard in Resources */,
				6502F69F1F10B1F700C2B0AF /* Assets.xcassets in Resources */,
				6502F69D1F10B1F700C2B0AF /* Main.storyboard in Resources */,
			);
			runOnlyForDeploymentPostprocessing = 0;
		};
/* End PBXResourcesBuildPhase section */

/* Begin PBXShellScriptBuildPhase section */
		65913481205AE5C5008488E4 /* Run Script */ = {
			isa = PBXShellScriptBuildPhase;
			buildActionMask = 2147483647;
			files = (
			);
			inputPaths = (
			);
			name = "Run Script";
			outputPaths = (
			);
			runOnlyForDeploymentPostprocessing = 0;
			shellPath = /bin/sh;
			shellScript = "Type a script or drag a script file from your workspace to insert its path";
		};
/* End PBXShellScriptBuildPhase section */

/* Begin PBXSourcesBuildPhase section */
		6502F6901F10B1F700C2B0AF /* Sources */ = {
			isa = PBXSourcesBuildPhase;
			buildActionMask = 2147483647;
			files = (
				659134A7205AEE25008488E4 /* ComputeKernel.metal in Sources */,
				653AC3E81F2332E200BB4547 /* Extension.swift in Sources */,
				652B0E2E2064DA6F00488D38 /* FilterVendor.swift in Sources */,
				6502F69A1F10B1F700C2B0AF /* ViewController.swift in Sources */,
				6591347E205A8E2A008488E4 /* Timer.swift in Sources */,
				6502F6AC1F10B4C000C2B0AF /* CustomFilter.swift in Sources */,
				6502F6981F10B1F700C2B0AF /* AppDelegate.swift in Sources */,
			);
			runOnlyForDeploymentPostprocessing = 0;
		};
/* End PBXSourcesBuildPhase section */

/* Begin PBXVariantGroup section */
		6502F69B1F10B1F700C2B0AF /* Main.storyboard */ = {
			isa = PBXVariantGroup;
			children = (
				6502F69C1F10B1F700C2B0AF /* Base */,
			);
			name = Main.storyboard;
			sourceTree = "<group>";
		};
		6502F6A01F10B1F700C2B0AF /* LaunchScreen.storyboard */ = {
			isa = PBXVariantGroup;
			children = (
				6502F6A11F10B1F700C2B0AF /* Base */,
			);
			name = LaunchScreen.storyboard;
			sourceTree = "<group>";
		};
/* End PBXVariantGroup section */

/* Begin XCBuildConfiguration section */
		6502F6A41F10B1F700C2B0AF /* Debug */ = {
			isa = XCBuildConfiguration;
			buildSettings = {
				ALWAYS_SEARCH_USER_PATHS = NO;
				CLANG_ANALYZER_NONNULL = YES;
				CLANG_ANALYZER_NUMBER_OBJECT_CONVERSION = YES_AGGRESSIVE;
				CLANG_CXX_LANGUAGE_STANDARD = "gnu++0x";
				CLANG_CXX_LIBRARY = "libc++";
				CLANG_ENABLE_MODULES = YES;
				CLANG_ENABLE_OBJC_ARC = YES;
				CLANG_WARN_BLOCK_CAPTURE_AUTORELEASING = YES;
				CLANG_WARN_BOOL_CONVERSION = YES;
				CLANG_WARN_COMMA = YES;
				CLANG_WARN_CONSTANT_CONVERSION = YES;
				CLANG_WARN_DIRECT_OBJC_ISA_USAGE = YES_ERROR;
				CLANG_WARN_DOCUMENTATION_COMMENTS = YES;
				CLANG_WARN_EMPTY_BODY = YES;
				CLANG_WARN_ENUM_CONVERSION = YES;
				CLANG_WARN_INFINITE_RECURSION = YES;
				CLANG_WARN_INT_CONVERSION = YES;
				CLANG_WARN_NON_LITERAL_NULL_CONVERSION = YES;
				CLANG_WARN_OBJC_LITERAL_CONVERSION = YES;
				CLANG_WARN_OBJC_ROOT_CLASS = YES_ERROR;
				CLANG_WARN_RANGE_LOOP_ANALYSIS = YES;
				CLANG_WARN_STRICT_PROTOTYPES = YES;
				CLANG_WARN_SUSPICIOUS_MOVE = YES;
				CLANG_WARN_UNREACHABLE_CODE = YES;
				CLANG_WARN__DUPLICATE_METHOD_MATCH = YES;
				"CODE_SIGN_IDENTITY[sdk=iphoneos*]" = "iPhone Developer";
				COPY_PHASE_STRIP = NO;
				DEBUG_INFORMATION_FORMAT = dwarf;
				ENABLE_STRICT_OBJC_MSGSEND = YES;
				ENABLE_TESTABILITY = YES;
				GCC_C_LANGUAGE_STANDARD = gnu99;
				GCC_DYNAMIC_NO_PIC = NO;
				GCC_NO_COMMON_BLOCKS = YES;
				GCC_OPTIMIZATION_LEVEL = 0;
				GCC_PREPROCESSOR_DEFINITIONS = (
					"DEBUG=1",
					"$(inherited)",
				);
				GCC_WARN_64_TO_32_BIT_CONVERSION = YES;
				GCC_WARN_ABOUT_RETURN_TYPE = YES_ERROR;
				GCC_WARN_UNDECLARED_SELECTOR = YES;
				GCC_WARN_UNINITIALIZED_AUTOS = YES_AGGRESSIVE;
				GCC_WARN_UNUSED_FUNCTION = YES;
				GCC_WARN_UNUSED_VARIABLE = YES;
				IPHONEOS_DEPLOYMENT_TARGET = 11.0;
				MTL_ENABLE_DEBUG_INFO = YES;
				MTL_LANGUAGE_REVISION = Metal20;
				MTL_OPTIMIZATION_LEVEL = 1;
				ONLY_ACTIVE_ARCH = YES;
				SDKROOT = iphoneos;
				SWIFT_ACTIVE_COMPILATION_CONDITIONS = DEBUG;
				SWIFT_OPTIMIZATION_LEVEL = "-Onone";
				SWIFT_VERSION = 4.0;
				TARGETED_DEVICE_FAMILY = 2;
			};
			name = Debug;
		};
		6502F6A51F10B1F700C2B0AF /* Release */ = {
			isa = XCBuildConfiguration;
			buildSettings = {
				ALWAYS_SEARCH_USER_PATHS = NO;
				CLANG_ANALYZER_NONNULL = YES;
				CLANG_ANALYZER_NUMBER_OBJECT_CONVERSION = YES_AGGRESSIVE;
				CLANG_CXX_LANGUAGE_STANDARD = "gnu++0x";
				CLANG_CXX_LIBRARY = "libc++";
				CLANG_ENABLE_MODULES = YES;
				CLANG_ENABLE_OBJC_ARC = YES;
				CLANG_WARN_BLOCK_CAPTURE_AUTORELEASING = YES;
				CLANG_WARN_BOOL_CONVERSION = YES;
				CLANG_WARN_COMMA = YES;
				CLANG_WARN_CONSTANT_CONVERSION = YES;
				CLANG_WARN_DIRECT_OBJC_ISA_USAGE = YES_ERROR;
				CLANG_WARN_DOCUMENTATION_COMMENTS = YES;
				CLANG_WARN_EMPTY_BODY = YES;
				CLANG_WARN_ENUM_CONVERSION = YES;
				CLANG_WARN_INFINITE_RECURSION = YES;
				CLANG_WARN_INT_CONVERSION = YES;
				CLANG_WARN_NON_LITERAL_NULL_CONVERSION = YES;
				CLANG_WARN_OBJC_LITERAL_CONVERSION = YES;
				CLANG_WARN_OBJC_ROOT_CLASS = YES_ERROR;
				CLANG_WARN_RANGE_LOOP_ANALYSIS = YES;
				CLANG_WARN_STRICT_PROTOTYPES = YES;
				CLANG_WARN_SUSPICIOUS_MOVE = YES;
				CLANG_WARN_UNREACHABLE_CODE = YES;
				CLANG_WARN__DUPLICATE_METHOD_MATCH = YES;
				"CODE_SIGN_IDENTITY[sdk=iphoneos*]" = "iPhone Developer";
				COPY_PHASE_STRIP = NO;
				DEBUG_INFORMATION_FORMAT = "dwarf-with-dsym";
				ENABLE_NS_ASSERTIONS = NO;
				ENABLE_STRICT_OBJC_MSGSEND = YES;
				GCC_C_LANGUAGE_STANDARD = gnu99;
				GCC_NO_COMMON_BLOCKS = YES;
				GCC_WARN_64_TO_32_BIT_CONVERSION = YES;
				GCC_WARN_ABOUT_RETURN_TYPE = YES_ERROR;
				GCC_WARN_UNDECLARED_SELECTOR = YES;
				GCC_WARN_UNINITIALIZED_AUTOS = YES_AGGRESSIVE;
				GCC_WARN_UNUSED_FUNCTION = YES;
				GCC_WARN_UNUSED_VARIABLE = YES;
				IPHONEOS_DEPLOYMENT_TARGET = 11.0;
				MTL_ENABLE_DEBUG_INFO = NO;
				MTL_LANGUAGE_REVISION = Metal20;
				MTL_OPTIMIZATION_LEVEL = 1;
				SDKROOT = iphoneos;
				SWIFT_OPTIMIZATION_LEVEL = "-Owholemodule";
				SWIFT_VERSION = 4.0;
				TARGETED_DEVICE_FAMILY = 2;
				VALIDATE_PRODUCT = YES;
			};
			name = Release;
		};
		6502F6A71F10B1F700C2B0AF /* Debug */ = {
			isa = XCBuildConfiguration;
			buildSettings = {
				ASSETCATALOG_COMPILER_APPICON_NAME = AppIcon;
				DEVELOPMENT_TEAM = 98639T6CQ5;
				GCC_OPTIMIZATION_LEVEL = 3;
				INFOPLIST_FILE = Filmroom/Info.plist;
				IPHONEOS_DEPLOYMENT_TARGET = 11.0;
				LD_RUNPATH_SEARCH_PATHS = "$(inherited) @executable_path/Frameworks";
				MTL_COMPILER_FLAGS = "";
				MTL_LANGUAGE_REVISION = Metal20;
				MTL_OPTIMIZATION_LEVEL = 3;
				PRODUCT_BUNDLE_IDENTIFIER = "Jerry-Chou.Filmroom";
				PRODUCT_NAME = "$(TARGET_NAME)";
				SDKROOT = iphoneos11.2;
				SWIFT_OPTIMIZATION_LEVEL = "-Owholemodule";
				SWIFT_VERSION = 4.0;
				TARGETED_DEVICE_FAMILY = "1,2";
			};
			name = Debug;
		};
		6502F6A81F10B1F700C2B0AF /* Release */ = {
			isa = XCBuildConfiguration;
			buildSettings = {
				ASSETCATALOG_COMPILER_APPICON_NAME = AppIcon;
				DEVELOPMENT_TEAM = 98639T6CQ5;
				INFOPLIST_FILE = Filmroom/Info.plist;
				IPHONEOS_DEPLOYMENT_TARGET = 11.0;
				LD_RUNPATH_SEARCH_PATHS = "$(inherited) @executable_path/Frameworks";
				MTL_COMPILER_FLAGS = "";
				MTL_LANGUAGE_REVISION = Metal20;
				MTL_OPTIMIZATION_LEVEL = 3;
				PRODUCT_BUNDLE_IDENTIFIER = "Jerry-Chou.Filmroom";
				PRODUCT_NAME = "$(TARGET_NAME)";
				SDKROOT = iphoneos11.2;
				SWIFT_VERSION = 4.0;
				TARGETED_DEVICE_FAMILY = "1,2";
			};
			name = Release;
		};
/* End XCBuildConfiguration section */

/* Begin XCConfigurationList section */
		6502F68F1F10B1F700C2B0AF /* Build configuration list for PBXProject "Filmroom" */ = {
			isa = XCConfigurationList;
			buildConfigurations = (
				6502F6A41F10B1F700C2B0AF /* Debug */,
				6502F6A51F10B1F700C2B0AF /* Release */,
			);
			defaultConfigurationIsVisible = 0;
			defaultConfigurationName = Release;
		};
		6502F6A61F10B1F700C2B0AF /* Build configuration list for PBXNativeTarget "Filmroom" */ = {
			isa = XCConfigurationList;
			buildConfigurations = (
				6502F6A71F10B1F700C2B0AF /* Debug */,
				6502F6A81F10B1F700C2B0AF /* Release */,
			);
			defaultConfigurationIsVisible = 0;
			defaultConfigurationName = Release;
		};
/* End XCConfigurationList section */
	};
	rootObject = 6502F68C1F10B1F700C2B0AF /* Project object */;
}
