// !$*UTF8*$!
{
	archiveVersion = 1;
	classes = {
	};
	objectVersion = 48;
	objects = {

/* Begin PBXBuildFile section */
		6520D3A31FCD122900F9D157 /* AppDelegate.swift in Sources */ = {isa = PBXBuildFile; fileRef = 6520D3A21FCD122900F9D157 /* AppDelegate.swift */; };
		6520D3A51FCD122900F9D157 /* ViewController.swift in Sources */ = {isa = PBXBuildFile; fileRef = 6520D3A41FCD122900F9D157 /* ViewController.swift */; };
		6520D3A71FCD122900F9D157 /* Assets.xcassets in Resources */ = {isa = PBXBuildFile; fileRef = 6520D3A61FCD122900F9D157 /* Assets.xcassets */; };
		6520D3AA1FCD122900F9D157 /* Main.storyboard in Resources */ = {isa = PBXBuildFile; fileRef = 6520D3A81FCD122900F9D157 /* Main.storyboard */; };
		6520D3B41FCD35EA00F9D157 /* Enums.swift in Sources */ = {isa = PBXBuildFile; fileRef = 6520D3B31FCD35EA00F9D157 /* Enums.swift */; };
		6520D3B61FCD36B500F9D157 /* Extension.swift in Sources */ = {isa = PBXBuildFile; fileRef = 6520D3B51FCD36B500F9D157 /* Extension.swift */; };
		6540A3FE1FDD9A8A006D296D /* GlobalControl.swift in Sources */ = {isa = PBXBuildFile; fileRef = 6540A3FD1FDD9A8A006D296D /* GlobalControl.swift */; };
		6540A4001FDEC4EA006D296D /* CustomFilter.swift in Sources */ = {isa = PBXBuildFile; fileRef = 6540A3FF1FDEC4EA006D296D /* CustomFilter.swift */; };
		6582AEDE1FE2EC5F005C2D7C /* MetalFilters.metal in Sources */ = {isa = PBXBuildFile; fileRef = 6582AEDD1FE2EC5F005C2D7C /* MetalFilters.metal */; };
/* End PBXBuildFile section */

/* Begin PBXFileReference section */
		6520D39F1FCD122800F9D157 /* Photo Factory.app */ = {isa = PBXFileReference; explicitFileType = wrapper.application; includeInIndex = 0; path = "Photo Factory.app"; sourceTree = BUILT_PRODUCTS_DIR; };
		6520D3A21FCD122900F9D157 /* AppDelegate.swift */ = {isa = PBXFileReference; lastKnownFileType = sourcecode.swift; path = AppDelegate.swift; sourceTree = "<group>"; };
		6520D3A41FCD122900F9D157 /* ViewController.swift */ = {isa = PBXFileReference; lastKnownFileType = sourcecode.swift; path = ViewController.swift; sourceTree = "<group>"; };
		6520D3A61FCD122900F9D157 /* Assets.xcassets */ = {isa = PBXFileReference; lastKnownFileType = folder.assetcatalog; path = Assets.xcassets; sourceTree = "<group>"; };
		6520D3A91FCD122900F9D157 /* Base */ = {isa = PBXFileReference; lastKnownFileType = file.storyboard; name = Base; path = Base.lproj/Main.storyboard; sourceTree = "<group>"; };
		6520D3AB1FCD122900F9D157 /* Info.plist */ = {isa = PBXFileReference; lastKnownFileType = text.plist.xml; path = Info.plist; sourceTree = "<group>"; };
		6520D3AC1FCD122900F9D157 /* Photo_Factory.entitlements */ = {isa = PBXFileReference; lastKnownFileType = text.plist.entitlements; path = Photo_Factory.entitlements; sourceTree = "<group>"; };
		6520D3B31FCD35EA00F9D157 /* Enums.swift */ = {isa = PBXFileReference; fileEncoding = 4; lastKnownFileType = sourcecode.swift; path = Enums.swift; sourceTree = "<group>"; };
		6520D3B51FCD36B500F9D157 /* Extension.swift */ = {isa = PBXFileReference; fileEncoding = 4; lastKnownFileType = sourcecode.swift; path = Extension.swift; sourceTree = "<group>"; };
		6540A3FD1FDD9A8A006D296D /* GlobalControl.swift */ = {isa = PBXFileReference; lastKnownFileType = sourcecode.swift; path = GlobalControl.swift; sourceTree = "<group>"; };
		6540A3FF1FDEC4EA006D296D /* CustomFilter.swift */ = {isa = PBXFileReference; lastKnownFileType = sourcecode.swift; path = CustomFilter.swift; sourceTree = "<group>"; };
		6582AEDD1FE2EC5F005C2D7C /* MetalFilters.metal */ = {isa = PBXFileReference; lastKnownFileType = sourcecode.metal; path = MetalFilters.metal; sourceTree = "<group>"; };
/* End PBXFileReference section */

/* Begin PBXFrameworksBuildPhase section */
		6520D39C1FCD122800F9D157 /* Frameworks */ = {
			isa = PBXFrameworksBuildPhase;
			buildActionMask = 2147483647;
			files = (
			);
			runOnlyForDeploymentPostprocessing = 0;
		};
/* End PBXFrameworksBuildPhase section */

/* Begin PBXGroup section */
		6520D3961FCD122800F9D157 = {
			isa = PBXGroup;
			children = (
				6520D3A11FCD122800F9D157 /* Photo Factory */,
				6520D3A01FCD122800F9D157 /* Products */,
			);
			sourceTree = "<group>";
		};
		6520D3A01FCD122800F9D157 /* Products */ = {
			isa = PBXGroup;
			children = (
				6520D39F1FCD122800F9D157 /* Photo Factory.app */,
			);
			name = Products;
			sourceTree = "<group>";
		};
		6520D3A11FCD122800F9D157 /* Photo Factory */ = {
			isa = PBXGroup;
			children = (
				6540A3FD1FDD9A8A006D296D /* GlobalControl.swift */,
				6520D3A21FCD122900F9D157 /* AppDelegate.swift */,
				657246541FD82AF6001904A9 /* Controller */,
				6520D3B21FCD35D000F9D157 /* Additional Set */,
				6520D3A61FCD122900F9D157 /* Assets.xcassets */,
				6520D3A81FCD122900F9D157 /* Main.storyboard */,
				6520D3AB1FCD122900F9D157 /* Info.plist */,
				6520D3AC1FCD122900F9D157 /* Photo_Factory.entitlements */,
			);
			path = "Photo Factory";
			sourceTree = "<group>";
		};
		6520D3B21FCD35D000F9D157 /* Additional Set */ = {
			isa = PBXGroup;
			children = (
				6520D3B51FCD36B500F9D157 /* Extension.swift */,
				6582AEDD1FE2EC5F005C2D7C /* MetalFilters.metal */,
				6540A3FF1FDEC4EA006D296D /* CustomFilter.swift */,
				6520D3B31FCD35EA00F9D157 /* Enums.swift */,
			);
			path = "Additional Set";
			sourceTree = "<group>";
		};
		657246541FD82AF6001904A9 /* Controller */ = {
			isa = PBXGroup;
			children = (
				6520D3A41FCD122900F9D157 /* ViewController.swift */,
			);
			path = Controller;
			sourceTree = "<group>";
		};
/* End PBXGroup section */

/* Begin PBXNativeTarget section */
		6520D39E1FCD122800F9D157 /* Photo Factory */ = {
			isa = PBXNativeTarget;
			buildConfigurationList = 6520D3AF1FCD122900F9D157 /* Build configuration list for PBXNativeTarget "Photo Factory" */;
			buildPhases = (
				6520D39B1FCD122800F9D157 /* Sources */,
				6520D39C1FCD122800F9D157 /* Frameworks */,
				6520D39D1FCD122800F9D157 /* Resources */,
			);
			buildRules = (
			);
			dependencies = (
			);
			name = "Photo Factory";
			productName = "Photo Factory";
			productReference = 6520D39F1FCD122800F9D157 /* Photo Factory.app */;
			productType = "com.apple.product-type.application";
		};
/* End PBXNativeTarget section */

/* Begin PBXProject section */
		6520D3971FCD122800F9D157 /* Project object */ = {
			isa = PBXProject;
			attributes = {
				LastSwiftUpdateCheck = 0910;
				LastUpgradeCheck = 0910;
				ORGANIZATIONNAME = "周建明";
				TargetAttributes = {
					6520D39E1FCD122800F9D157 = {
						CreatedOnToolsVersion = 9.1;
						ProvisioningStyle = Automatic;
					};
				};
			};
			buildConfigurationList = 6520D39A1FCD122800F9D157 /* Build configuration list for PBXProject "Photo Factory" */;
			compatibilityVersion = "Xcode 8.0";
			developmentRegion = en;
			hasScannedForEncodings = 0;
			knownRegions = (
				en,
				Base,
			);
			mainGroup = 6520D3961FCD122800F9D157;
			productRefGroup = 6520D3A01FCD122800F9D157 /* Products */;
			projectDirPath = "";
			projectRoot = "";
			targets = (
				6520D39E1FCD122800F9D157 /* Photo Factory */,
			);
		};
/* End PBXProject section */

/* Begin PBXResourcesBuildPhase section */
		6520D39D1FCD122800F9D157 /* Resources */ = {
			isa = PBXResourcesBuildPhase;
			buildActionMask = 2147483647;
			files = (
				6520D3A71FCD122900F9D157 /* Assets.xcassets in Resources */,
				6520D3AA1FCD122900F9D157 /* Main.storyboard in Resources */,
			);
			runOnlyForDeploymentPostprocessing = 0;
		};
/* End PBXResourcesBuildPhase section */

/* Begin PBXSourcesBuildPhase section */
		6520D39B1FCD122800F9D157 /* Sources */ = {
			isa = PBXSourcesBuildPhase;
			buildActionMask = 2147483647;
			files = (
				6520D3A51FCD122900F9D157 /* ViewController.swift in Sources */,
				6582AEDE1FE2EC5F005C2D7C /* MetalFilters.metal in Sources */,
				6540A3FE1FDD9A8A006D296D /* GlobalControl.swift in Sources */,
				6520D3B41FCD35EA00F9D157 /* Enums.swift in Sources */,
				6520D3A31FCD122900F9D157 /* AppDelegate.swift in Sources */,
				6540A4001FDEC4EA006D296D /* CustomFilter.swift in Sources */,
				6520D3B61FCD36B500F9D157 /* Extension.swift in Sources */,
			);
			runOnlyForDeploymentPostprocessing = 0;
		};
/* End PBXSourcesBuildPhase section */

/* Begin PBXVariantGroup section */
		6520D3A81FCD122900F9D157 /* Main.storyboard */ = {
			isa = PBXVariantGroup;
			children = (
				6520D3A91FCD122900F9D157 /* Base */,
			);
			name = Main.storyboard;
			sourceTree = "<group>";
		};
/* End PBXVariantGroup section */

/* Begin XCBuildConfiguration section */
		6520D3AD1FCD122900F9D157 /* Debug */ = {
			isa = XCBuildConfiguration;
			buildSettings = {
				ALWAYS_SEARCH_USER_PATHS = NO;
				CLANG_ANALYZER_NONNULL = YES;
				CLANG_ANALYZER_NUMBER_OBJECT_CONVERSION = YES_AGGRESSIVE;
				CLANG_CXX_LANGUAGE_STANDARD = "gnu++14";
				CLANG_CXX_LIBRARY = "libc++";
				CLANG_ENABLE_MODULES = YES;
				CLANG_ENABLE_OBJC_ARC = YES;
				CLANG_WARN_BLOCK_CAPTURE_AUTORELEASING = YES;
				CLANG_WARN_BOOL_CONVERSION = YES;
				CLANG_WARN_COMMA = YES;
				CLANG_WARN_CONSTANT_CONVERSION = YES;
				CLANG_WARN_DIRECT_OBJC_ISA_USAGE = YES_ERROR;
				CLANG_WARN_DOCUMENTATION_COMMENTS = YES;
				CLANG_WARN_EMPTY_BODY = YES;
				CLANG_WARN_ENUM_CONVERSION = YES;
				CLANG_WARN_INFINITE_RECURSION = YES;
				CLANG_WARN_INT_CONVERSION = YES;
				CLANG_WARN_NON_LITERAL_NULL_CONVERSION = YES;
				CLANG_WARN_OBJC_LITERAL_CONVERSION = YES;
				CLANG_WARN_OBJC_ROOT_CLASS = YES_ERROR;
				CLANG_WARN_RANGE_LOOP_ANALYSIS = YES;
				CLANG_WARN_STRICT_PROTOTYPES = YES;
				CLANG_WARN_SUSPICIOUS_MOVE = YES;
				CLANG_WARN_UNGUARDED_AVAILABILITY = YES_AGGRESSIVE;
				CLANG_WARN_UNREACHABLE_CODE = YES;
				CLANG_WARN__DUPLICATE_METHOD_MATCH = YES;
				CODE_SIGN_IDENTITY = "-";
				COPY_PHASE_STRIP = NO;
				DEBUG_INFORMATION_FORMAT = dwarf;
				ENABLE_STRICT_OBJC_MSGSEND = YES;
				ENABLE_TESTABILITY = YES;
				GCC_C_LANGUAGE_STANDARD = gnu11;
				GCC_DYNAMIC_NO_PIC = NO;
				GCC_NO_COMMON_BLOCKS = YES;
				GCC_OPTIMIZATION_LEVEL = 0;
				GCC_PREPROCESSOR_DEFINITIONS = (
					"DEBUG=1",
					"$(inherited)",
				);
				GCC_WARN_64_TO_32_BIT_CONVERSION = YES;
				GCC_WARN_ABOUT_RETURN_TYPE = YES_ERROR;
				GCC_WARN_UNDECLARED_SELECTOR = YES;
				GCC_WARN_UNINITIALIZED_AUTOS = YES_AGGRESSIVE;
				GCC_WARN_UNUSED_FUNCTION = YES;
				GCC_WARN_UNUSED_VARIABLE = YES;
				MACOSX_DEPLOYMENT_TARGET = 10.13;
				MTL_ENABLE_DEBUG_INFO = YES;
				ONLY_ACTIVE_ARCH = YES;
				SDKROOT = macosx;
				SWIFT_ACTIVE_COMPILATION_CONDITIONS = DEBUG;
				SWIFT_OPTIMIZATION_LEVEL = "-Onone";
			};
			name = Debug;
		};
		6520D3AE1FCD122900F9D157 /* Release */ = {
			isa = XCBuildConfiguration;
			buildSettings = {
				ALWAYS_SEARCH_USER_PATHS = NO;
				CLANG_ANALYZER_NONNULL = YES;
				CLANG_ANALYZER_NUMBER_OBJECT_CONVERSION = YES_AGGRESSIVE;
				CLANG_CXX_LANGUAGE_STANDARD = "gnu++14";
				CLANG_CXX_LIBRARY = "libc++";
				CLANG_ENABLE_MODULES = YES;
				CLANG_ENABLE_OBJC_ARC = YES;
				CLANG_WARN_BLOCK_CAPTURE_AUTORELEASING = YES;
				CLANG_WARN_BOOL_CONVERSION = YES;
				CLANG_WARN_COMMA = YES;
				CLANG_WARN_CONSTANT_CONVERSION = YES;
				CLANG_WARN_DIRECT_OBJC_ISA_USAGE = YES_ERROR;
				CLANG_WARN_DOCUMENTATION_COMMENTS = YES;
				CLANG_WARN_EMPTY_BODY = YES;
				CLANG_WARN_ENUM_CONVERSION = YES;
				CLANG_WARN_INFINITE_RECURSION = YES;
				CLANG_WARN_INT_CONVERSION = YES;
				CLANG_WARN_NON_LITERAL_NULL_CONVERSION = YES;
				CLANG_WARN_OBJC_LITERAL_CONVERSION = YES;
				CLANG_WARN_OBJC_ROOT_CLASS = YES_ERROR;
				CLANG_WARN_RANGE_LOOP_ANALYSIS = YES;
				CLANG_WARN_STRICT_PROTOTYPES = YES;
				CLANG_WARN_SUSPICIOUS_MOVE = YES;
				CLANG_WARN_UNGUARDED_AVAILABILITY = YES_AGGRESSIVE;
				CLANG_WARN_UNREACHABLE_CODE = YES;
				CLANG_WARN__DUPLICATE_METHOD_MATCH = YES;
				CODE_SIGN_IDENTITY = "-";
				COPY_PHASE_STRIP = NO;
				DEBUG_INFORMATION_FORMAT = "dwarf-with-dsym";
				ENABLE_NS_ASSERTIONS = NO;
				ENABLE_STRICT_OBJC_MSGSEND = YES;
				GCC_C_LANGUAGE_STANDARD = gnu11;
				GCC_NO_COMMON_BLOCKS = YES;
				GCC_WARN_64_TO_32_BIT_CONVERSION = YES;
				GCC_WARN_ABOUT_RETURN_TYPE = YES_ERROR;
				GCC_WARN_UNDECLARED_SELECTOR = YES;
				GCC_WARN_UNINITIALIZED_AUTOS = YES_AGGRESSIVE;
				GCC_WARN_UNUSED_FUNCTION = YES;
				GCC_WARN_UNUSED_VARIABLE = YES;
				MACOSX_DEPLOYMENT_TARGET = 10.13;
				MTL_ENABLE_DEBUG_INFO = NO;
				SDKROOT = macosx;
				SWIFT_OPTIMIZATION_LEVEL = "-Owholemodule";
			};
			name = Release;
		};
		6520D3B01FCD122900F9D157 /* Debug */ = {
			isa = XCBuildConfiguration;
			buildSettings = {
				ASSETCATALOG_COMPILER_APPICON_NAME = AppIcon;
				CODE_SIGN_ENTITLEMENTS = "Photo Factory/Photo_Factory.entitlements";
				CODE_SIGN_STYLE = Automatic;
				COMBINE_HIDPI_IMAGES = YES;
				INFOPLIST_FILE = "Photo Factory/Info.plist";
				LD_RUNPATH_SEARCH_PATHS = "$(inherited) @executable_path/../Frameworks";
				MTLLINKER_FLAGS = "-cikernel";
				MTL_COMPILER_FLAGS = "-fcikernel";
				MTL_LANGUAGE_REVISION = Metal20;
				MTL_OPTIMIZATION_LEVEL = 2;
				PRODUCT_BUNDLE_IDENTIFIER = "JerryChou.Photo-Factory";
				PRODUCT_NAME = "$(TARGET_NAME)";
				SWIFT_VERSION = 4.0;
			};
			name = Debug;
		};
		6520D3B11FCD122900F9D157 /* Release */ = {
			isa = XCBuildConfiguration;
			buildSettings = {
				ASSETCATALOG_COMPILER_APPICON_NAME = AppIcon;
				CODE_SIGN_ENTITLEMENTS = "Photo Factory/Photo_Factory.entitlements";
				CODE_SIGN_STYLE = Automatic;
				COMBINE_HIDPI_IMAGES = YES;
				INFOPLIST_FILE = "Photo Factory/Info.plist";
				LD_RUNPATH_SEARCH_PATHS = "$(inherited) @executable_path/../Frameworks";
				MTLLINKER_FLAGS = "-cikernel";
				MTL_COMPILER_FLAGS = "-fcikernel";
				MTL_LANGUAGE_REVISION = Metal20;
				MTL_OPTIMIZATION_LEVEL = 2;
				PRODUCT_BUNDLE_IDENTIFIER = "JerryChou.Photo-Factory";
				PRODUCT_NAME = "$(TARGET_NAME)";
				SWIFT_VERSION = 4.0;
			};
			name = Release;
		};
/* End XCBuildConfiguration section */

/* Begin XCConfigurationList section */
		6520D39A1FCD122800F9D157 /* Build configuration list for PBXProject "Photo Factory" */ = {
			isa = XCConfigurationList;
			buildConfigurations = (
				6520D3AD1FCD122900F9D157 /* Debug */,
				6520D3AE1FCD122900F9D157 /* Release */,
			);
			defaultConfigurationIsVisible = 0;
			defaultConfigurationName = Release;
		};
		6520D3AF1FCD122900F9D157 /* Build configuration list for PBXNativeTarget "Photo Factory" */ = {
			isa = XCConfigurationList;
			buildConfigurations = (
				6520D3B01FCD122900F9D157 /* Debug */,
				6520D3B11FCD122900F9D157 /* Release */,
			);
			defaultConfigurationIsVisible = 0;
			defaultConfigurationName = Release;
		};
/* End XCConfigurationList section */
	};
	rootObject = 6520D3971FCD122800F9D157 /* Project object */;
}
